{
  "lockfileVersion": 1,
  "configVersion": 1,
  "workspaces": {
    "": {
      "name": "vs-code-terminal-themes",
      "dependencies": {
        "@plist/common": "1.1.0",
        "@plist/plist": "1.0.0",
        "color-blend": "4.0.0",
        "yaml": "2.9.0",
      },
      "devDependencies": {
        "@types/bun": "latest",
        "typescript": "6.0.2",
      },
    },
  },
  "packages": {
    "@plist/binary.parse": ["@plist/binary.parse@1.1.0", "", { "dependencies": { "@plist/common": "^1.1.0" } }, "sha512-0Bkyt9rCZnlEHQghafWStePBMquIne+9Z9nFTns8OF3ku4QsQ2HMdSSM1MvQfc+6JOU0Q5JlGvAPEUtP9meFsw=="],

    "@plist/binary.serialize": ["@plist/binary.serialize@1.1.0", "", { "dependencies": { "@plist/common": "^1.1.0" } }, "sha512-+CveX99bM1fqlxIaGyD7YbKLpK411qjAW8FHpCuigUyxLTgo28WOXEBxrYaUZGuMPEv6fsDI5e+E2pLvRfcdtA=="],

    "@plist/common": ["@plist/common@1.1.0", "", {}, "sha512-zZAx3dLVsDaW/ulxCbHS3ptVUnO5XEPQ75UPyNJpwPdv9ViWLYXQmbYNmFR8thKpw067RAORuQpBWHvKPffvIg=="],

    "@plist/openstep.parse": ["@plist/openstep.parse@1.1.1", "", { "dependencies": { "@plist/common": "^1.1.0" } }, "sha512-ZUDkVGVy4MIoq4D8WDD+Bb10W8rnNopSoF9JBNmaEZuJY3KeNSZvj9to1TkZo99EqEP9OM5bcUR5wzFrrqlbGg=="],

    "@plist/openstep.serialize": ["@plist/openstep.serialize@1.1.1", "", { "dependencies": { "@plist/common": "^1.1.0" } }, "sha512-cD6LIxfH3fhEVmwUugAAJqp/Tkhja7dBF+h+kmNMXF/9x1TWMYwYqwqPrXCbzKeFGehUeR1SpCnsMSbhlIwk2A=="],

    "@plist/parse": ["@plist/parse@1.1.0", "", { "dependencies": { "@plist/binary.parse": "^1.1.0", "@plist/common": "^1.1.0", "@plist/openstep.parse": "^1.1.0", "@plist/xml.parse": "^1.1.0" } }, "sha512-s/8zU3ryJCJGLjd0KWZYaM07+05Y5V4JmPM7F5I1o53a5qXh0iaZ7n1nyxZ/viXgN6Qrk7OxtY5mYoRwjvuhbQ=="],

    "@plist/plist": ["@plist/plist@1.0.0", "", { "dependencies": { "@plist/parse": "^1.0.0", "@plist/serialize": "^1.0.0" } }, "sha512-Tc9QBV9SFpc51ZzHl7DB512Ui9cxlzFU58RqgEMJMVT8E3v7h1s/yQnMK4NsCfWs4z63q688KEvdrwj8Q4QpbQ=="],

    "@plist/serialize": ["@plist/serialize@1.1.0", "", { "dependencies": { "@plist/binary.serialize": "^1.1.0", "@plist/common": "^1.1.0", "@plist/openstep.serialize": "^1.1.0", "@plist/xml.serialize": "^1.1.0" } }, "sha512-P0zyEDd0PpAIwMigSZgvyLXwfgBGNlCnB/vG3uCKBbV2bLtQm5pDXn2+5YMm8NuD3vGlo2JQD0FAQiP8/+tzow=="],

    "@plist/xml.parse": ["@plist/xml.parse@1.1.0", "", { "dependencies": { "@plist/common": "^1.1.0", "base64-js": "^1.5.1", "fast-xml-parser": "^4.0.8" } }, "sha512-g3FIK0LjizCi4lIDjtvJY6rQxGQHBlcZP56K3jGHkD2plmNYn9hs1rhtigDbyBfCmIQhqLNWtl3e2JJiL9h3Vw=="],

    "@plist/xml.serialize": ["@plist/xml.serialize@1.1.1", "", { "dependencies": { "@plist/common": "^1.1.0", "base64-js": "^1.5.1", "fast-xml-parser": "^4.0.8" } }, "sha512-wpVvLOVcdDlpAriJPacural0voiAnOFK8mUZf6t1WLtaAcHRmIFdUm8iY5aYssCfcyGyPDj5zjldbincCPwNwA=="],

    "@types/bun": ["@types/bun@1.3.11", "", { "dependencies": { "bun-types": "1.3.11" } }, "sha512-5vPne5QvtpjGpsGYXiFyycfpDF2ECyPcTSsFBMa0fraoxiQyMJ3SmuQIGhzPg2WJuWxVBoxWJ2kClYTcw/4fAg=="],

    "@types/node": ["@types/node@25.5.0", "", { "dependencies": { "undici-types": "~7.18.0" } }, "sha512-jp2P3tQMSxWugkCUKLRPVUpGaL5MVFwF8RDuSRztfwgN1wmqJeMSbKlnEtQqU8UrhTmzEmZdu2I6v2dpp7XIxw=="],

    "base64-js": ["base64-js@1.5.1", "", {}, "sha512-AKpaYlHn8t4SVbOHCy+b5+KKgvR4vrsD8vbvrbiQJps7fKDTkjkDry6ji0rUJjC0kzbNePLwzxq8iypo41qeWA=="],

    "bun-types": ["bun-types@1.3.11", "", { "dependencies": { "@types/node": "*" } }, "sha512-1KGPpoxQWl9f6wcZh57LvrPIInQMn2TQ7jsgxqpRzg+l0QPOFvJVH7HmvHo/AiPgwXy+/Thf6Ov3EdVn1vOabg=="],

    "color-blend": ["color-blend@4.0.0", "", {}, "sha512-fYODTHhI/NG+B5GnzvuL3kiFrK/UnkUezWFTgEPBTY5V+kpyfAn95Vn9sJeeCX6omrCOdxnqCL3CvH+6sXtIbw=="],

    "fast-xml-parser": ["fast-xml-parser@4.5.5", "", { "dependencies": { "strnum": "^1.0.5" }, "bin": { "fxparser": "src/cli/cli.js" } }, "sha512-cK9c5I/DwIOI7/Q7AlGN3DuTdwN61gwSfL8rvuVPK+0mcCNHHGxRrpiFtaZZRfRMJL3Gl8B2AFlBG6qXf03w9A=="],

    "strnum": ["strnum@1.1.2", "", {}, "sha512-vrN+B7DBIoTTZjnPNewwhx6cBA/H+IS7rfW68n7XxC1y7uoiGQBxaKzqucGUgavX15dJgiGztLJ8vxuEzwqBdA=="],

    "typescript": ["typescript@6.0.2", "", { "bin": { "tsc": "bin/tsc", "tsserver": "bin/tsserver" } }, "sha512-bGdAIrZ0wiGDo5l8c++HWtbaNCWTS4UTv7RaTH/ThVIgjkveJt83m74bBHMJkuCbslY8ixgLBVZJIOiQlQTjfQ=="],

    "undici-types": ["undici-types@7.18.2", "", {}, "sha512-AsuCzffGHJybSaRrmr5eHr81mwJU3kjw6M+uprWvCXiNeN9SOGwQ3Jn8jb8m3Z6izVgknn1R0FTCEAP2QrLY/w=="],

    "yaml": ["yaml@2.9.0", "", { "bin": { "yaml": "bin.mjs" } }, "sha512-2AvhNX3mb8zd6Zy7INTtSpl1F15HW6Wnqj0srWlkKLcpYl/gMIMJiyuGq2KeI2YFxUPjdlB+3Lc10seMLtL4cA=="],
  }
}
